
Microsoft Visual Studio Solution File, Format Version 12.00
# Visual Studio Version 16
VisualStudioVersion = 16.0.32602.291
MinimumVisualStudioVersion = 10.0.40219.1
Project("{FAE04EC0-301F-11D3-BF4B-00C04F79EFBC}") = "MobileApp.Android", "MobileApp\MobileApp.Android\MobileApp.Android.csproj", "{A86F20CE-A988-47DF-8E3F-6F0F8A53B096}"
EndProject
Project("{FAE04EC0-301F-11D3-BF4B-00C04F79EFBC}") = "MobileApp", "MobileApp\MobileApp\MobileApp.csproj", "{7AD7B44F-2F43-4495-A3FB-9DD98EF9BB95}"
EndProject
Global
	GlobalSection(SolutionConfigurationPlatforms) = preSolution
		Debug|Any CPU = Debug|Any CPU
		Release|Any CPU = Release|Any CPU
	EndGlobalSection
	GlobalSection(ProjectConfigurationPlatforms) = postSolution
		{A86F20CE-A988-47DF-8E3F-6F0F8A53B096}.Debug|Any CPU.ActiveCfg = Debug|Any CPU
		{A86F20CE-A988-47DF-8E3F-6F0F8A53B096}.Debug|Any CPU.Build.0 = Debug|Any CPU
		{A86F20CE-A988-47DF-8E3F-6F0F8A53B096}.Debug|Any CPU.Deploy.0 = Debug|Any CPU
		{A86F20CE-A988-47DF-8E3F-6F0F8A53B096}.Release|Any CPU.ActiveCfg = Release|Any CPU
		{A86F20CE-A988-47DF-8E3F-6F0F8A53B096}.Release|Any CPU.Build.0 = Release|Any CPU
		{A86F20CE-A988-47DF-8E3F-6F0F8A53B096}.Release|Any CPU.Deploy.0 = Release|Any CPU
		{7AD7B44F-2F43-4495-A3FB-9DD98EF9BB95}.Debug|Any CPU.ActiveCfg = Debug|Any CPU
		{7AD7B44F-2F43-4495-A3FB-9DD98EF9BB95}.Debug|Any CPU.Build.0 = Debug|Any CPU
		{7AD7B44F-2F43-4495-A3FB-9DD98EF9BB95}.Debug|Any CPU.Deploy.0 = Debug|Any CPU
		{7AD7B44F-2F43-4495-A3FB-9DD98EF9BB95}.Release|Any CPU.ActiveCfg = Release|Any CPU
		{7AD7B44F-2F43-4495-A3FB-9DD98EF9BB95}.Release|Any CPU.Build.0 = Release|Any CPU
		{7AD7B44F-2F43-4495-A3FB-9DD98EF9BB95}.Release|Any CPU.Deploy.0 = Release|Any CPU
	EndGlobalSection
	GlobalSection(SolutionProperties) = preSolution
		HideSolutionNode = FALSE
	EndGlobalSection
	GlobalSection(ExtensibilityGlobals) = postSolution
		SolutionGuid = {D7BBB556-B31E-4B6C-AD08-F18D41AB6E3B}
	EndGlobalSection
EndGlobal
